
Microsoft Visual Studio Solution File, Format Version 12.00
# Visual Studio Version 16
VisualStudioVersion = 16.0.30804.86
MinimumVisualStudioVersion = 10.0.40219.1
Project("{9A19103F-16F7-4668-BE54-9A1E7A4F7556}") = "MMTTechnicalTest", "MMTTechnicalTest\MMTTechnicalTest.csproj", "{F842D78D-A6F6-46F5-8057-121FAD3B82F5}"
EndProject
Project("{FAE04EC0-301F-11D3-BF4B-00C04F79EFBC}") = "MMTTechnicalTestTests", "MMTTechnicalTestTests\MMTTechnicalTestTests.csproj", "{D467842E-71E8-4892-A4D8-841F234017A9}"
EndProject
Global
	GlobalSection(SolutionConfigurationPlatforms) = preSolution
		Debug|Any CPU = Debug|Any CPU
		Release|Any CPU = Release|Any CPU
	EndGlobalSection
	GlobalSection(ProjectConfigurationPlatforms) = postSolution
		{F842D78D-A6F6-46F5-8057-121FAD3B82F5}.Debug|Any CPU.ActiveCfg = Debug|Any CPU
		{F842D78D-A6F6-46F5-8057-121FAD3B82F5}.Debug|Any CPU.Build.0 = Debug|Any CPU
		{F842D78D-A6F6-46F5-8057-121FAD3B82F5}.Release|Any CPU.ActiveCfg = Release|Any CPU
		{F842D78D-A6F6-46F5-8057-121FAD3B82F5}.Release|Any CPU.Build.0 = Release|Any CPU
		{D467842E-71E8-4892-A4D8-841F234017A9}.Debug|Any CPU.ActiveCfg = Debug|Any CPU
		{D467842E-71E8-4892-A4D8-841F234017A9}.Debug|Any CPU.Build.0 = Debug|Any CPU
		{D467842E-71E8-4892-A4D8-841F234017A9}.Release|Any CPU.ActiveCfg = Release|Any CPU
		{D467842E-71E8-4892-A4D8-841F234017A9}.Release|Any CPU.Build.0 = Release|Any CPU
	EndGlobalSection
	GlobalSection(SolutionProperties) = preSolution
		HideSolutionNode = FALSE
	EndGlobalSection
	GlobalSection(ExtensibilityGlobals) = postSolution
		SolutionGuid = {CCEEF00D-8076-40A4-B2CB-0775CAFAB2E0}
	EndGlobalSection
EndGlobal
